{
  "name": "Javascript Test",
  "lockfileVersion": 3,
  "requires": true,
  "packages": {
    "": {
      "dependencies": {
        "const": "^1.0.0"
      }
    },
    "node_modules/const": {
      "version": "1.0.0",
      "resolved": "https://registry.npmjs.org/const/-/const-1.0.0.tgz",
      "integrity": "sha512-E24n5WFSXaU6+BFaCqImKvuoroCm4jzi4imyA0e20wODGm02n/PmfNLOdngkXAh9DYSEDZIQ/cR+ADEPD1GJpA=="
    }
  }
}
